
Microsoft Visual Studio Solution File, Format Version 12.00
# Visual Studio Version 17
VisualStudioVersion = 17.7.34221.43
MinimumVisualStudioVersion = 10.0.40219.1
Project("{FAE04EC0-301F-11D3-BF4B-00C04F79EFBC}") = "Phase4-Course End Project", "Phase4-Course End Project\Phase4-Course End Project.csproj", "{9293CC8A-1174-4320-ABE0-395AC3DB7664}"
EndProject
Project("{FAE04EC0-301F-11D3-BF4B-00C04F79EFBC}") = "PizzaLibrary", "PizzaLibrary\PizzaLibrary.csproj", "{81E1524F-F75D-4DDE-A705-4D524F98FC65}"
EndProject
Project("{FAE04EC0-301F-11D3-BF4B-00C04F79EFBC}") = "SpecFlowProject", "SpecFlowProject\SpecFlowProject.csproj", "{E72C595D-5F8C-437F-86D1-86CFFE2A8019}"
EndProject
Global
	GlobalSection(SolutionConfigurationPlatforms) = preSolution
		Debug|Any CPU = Debug|Any CPU
		Release|Any CPU = Release|Any CPU
	EndGlobalSection
	GlobalSection(ProjectConfigurationPlatforms) = postSolution
		{9293CC8A-1174-4320-ABE0-395AC3DB7664}.Debug|Any CPU.ActiveCfg = Debug|Any CPU
		{9293CC8A-1174-4320-ABE0-395AC3DB7664}.Debug|Any CPU.Build.0 = Debug|Any CPU
		{9293CC8A-1174-4320-ABE0-395AC3DB7664}.Release|Any CPU.ActiveCfg = Release|Any CPU
		{9293CC8A-1174-4320-ABE0-395AC3DB7664}.Release|Any CPU.Build.0 = Release|Any CPU
		{81E1524F-F75D-4DDE-A705-4D524F98FC65}.Debug|Any CPU.ActiveCfg = Debug|Any CPU
		{81E1524F-F75D-4DDE-A705-4D524F98FC65}.Debug|Any CPU.Build.0 = Debug|Any CPU
		{81E1524F-F75D-4DDE-A705-4D524F98FC65}.Release|Any CPU.ActiveCfg = Release|Any CPU
		{81E1524F-F75D-4DDE-A705-4D524F98FC65}.Release|Any CPU.Build.0 = Release|Any CPU
		{E72C595D-5F8C-437F-86D1-86CFFE2A8019}.Debug|Any CPU.ActiveCfg = Debug|Any CPU
		{E72C595D-5F8C-437F-86D1-86CFFE2A8019}.Debug|Any CPU.Build.0 = Debug|Any CPU
		{E72C595D-5F8C-437F-86D1-86CFFE2A8019}.Release|Any CPU.ActiveCfg = Release|Any CPU
		{E72C595D-5F8C-437F-86D1-86CFFE2A8019}.Release|Any CPU.Build.0 = Release|Any CPU
	EndGlobalSection
	GlobalSection(SolutionProperties) = preSolution
		HideSolutionNode = FALSE
	EndGlobalSection
	GlobalSection(ExtensibilityGlobals) = postSolution
		SolutionGuid = {CBB317E7-2DDB-46A5-811C-5545E679FF5E}
	EndGlobalSection
EndGlobal
